
Microsoft Visual Studio Solution File, Format Version 12.00
# Visual Studio Version 17
VisualStudioVersion = 17.4.33122.133
MinimumVisualStudioVersion = 10.0.40219.1
Project("{FAE04EC0-301F-11D3-BF4B-00C04F79EFBC}") = "CryptoService.API", "CryptoService.API\CryptoService.API.csproj", "{88FC4C8E-E84A-4BB6-A4BB-ACDD75C99B10}"
EndProject
Project("{FAE04EC0-301F-11D3-BF4B-00C04F79EFBC}") = "CryptoService.Core", "CryptoService.Core\CryptoService.Core.csproj", "{8CA85003-4334-43D0-B3DF-E131C583AD11}"
EndProject
Project("{FAE04EC0-301F-11D3-BF4B-00C04F79EFBC}") = "CryptoService.Infrastructure", "CryptoService.Application\CryptoService.Infrastructure.csproj", "{530684A1-25E6-4970-83A1-3CB34FC5A870}"
EndProject
Global
	GlobalSection(SolutionConfigurationPlatforms) = preSolution
		Debug|Any CPU = Debug|Any CPU
		Release|Any CPU = Release|Any CPU
	EndGlobalSection
	GlobalSection(ProjectConfigurationPlatforms) = postSolution
		{88FC4C8E-E84A-4BB6-A4BB-ACDD75C99B10}.Debug|Any CPU.ActiveCfg = Debug|Any CPU
		{88FC4C8E-E84A-4BB6-A4BB-ACDD75C99B10}.Debug|Any CPU.Build.0 = Debug|Any CPU
		{88FC4C8E-E84A-4BB6-A4BB-ACDD75C99B10}.Release|Any CPU.ActiveCfg = Release|Any CPU
		{88FC4C8E-E84A-4BB6-A4BB-ACDD75C99B10}.Release|Any CPU.Build.0 = Release|Any CPU
		{8CA85003-4334-43D0-B3DF-E131C583AD11}.Debug|Any CPU.ActiveCfg = Debug|Any CPU
		{8CA85003-4334-43D0-B3DF-E131C583AD11}.Debug|Any CPU.Build.0 = Debug|Any CPU
		{8CA85003-4334-43D0-B3DF-E131C583AD11}.Release|Any CPU.ActiveCfg = Release|Any CPU
		{8CA85003-4334-43D0-B3DF-E131C583AD11}.Release|Any CPU.Build.0 = Release|Any CPU
		{530684A1-25E6-4970-83A1-3CB34FC5A870}.Debug|Any CPU.ActiveCfg = Debug|Any CPU
		{530684A1-25E6-4970-83A1-3CB34FC5A870}.Debug|Any CPU.Build.0 = Debug|Any CPU
		{530684A1-25E6-4970-83A1-3CB34FC5A870}.Release|Any CPU.ActiveCfg = Release|Any CPU
		{530684A1-25E6-4970-83A1-3CB34FC5A870}.Release|Any CPU.Build.0 = Release|Any CPU
	EndGlobalSection
	GlobalSection(SolutionProperties) = preSolution
		HideSolutionNode = FALSE
	EndGlobalSection
	GlobalSection(ExtensibilityGlobals) = postSolution
		SolutionGuid = {C7D4CCCF-C6BC-4819-BFF0-AE083BD23086}
	EndGlobalSection
EndGlobal
